
Microsoft Visual Studio Solution File, Format Version 12.00
# Visual Studio Version 17
VisualStudioVersion = 17.10.34916.146
MinimumVisualStudioVersion = 10.0.40219.1
Project("{FAE04EC0-301F-11D3-BF4B-00C04F79EFBC}") = "projeto_matematica_ofc", "projeto_matematica_ofc.csproj", "{84C42E28-C80D-46E4-B5A9-6955AD2648D9}"
EndProject
Global
	GlobalSection(SolutionConfigurationPlatforms) = preSolution
		Debug|Any CPU = Debug|Any CPU
		Release|Any CPU = Release|Any CPU
	EndGlobalSection
	GlobalSection(ProjectConfigurationPlatforms) = postSolution
		{84C42E28-C80D-46E4-B5A9-6955AD2648D9}.Debug|Any CPU.ActiveCfg = Debug|Any CPU
		{84C42E28-C80D-46E4-B5A9-6955AD2648D9}.Debug|Any CPU.Build.0 = Debug|Any CPU
		{84C42E28-C80D-46E4-B5A9-6955AD2648D9}.Release|Any CPU.ActiveCfg = Release|Any CPU
		{84C42E28-C80D-46E4-B5A9-6955AD2648D9}.Release|Any CPU.Build.0 = Release|Any CPU
	EndGlobalSection
	GlobalSection(SolutionProperties) = preSolution
		HideSolutionNode = FALSE
	EndGlobalSection
	GlobalSection(ExtensibilityGlobals) = postSolution
		SolutionGuid = {96E5570E-6C60-4D25-895A-AB5401AB40A9}
	EndGlobalSection
EndGlobal
